
Microsoft Visual Studio Solution File, Format Version 12.00
# Visual Studio Version 16
VisualStudioVersion = 16.0.31205.134
MinimumVisualStudioVersion = 10.0.40219.1
Project("{9A19103F-16F7-4668-BE54-9A1E7A4F7556}") = "Jtv2Xmltv", "Jtv2Xmltv\Jtv2Xmltv.csproj", "{C8476952-76C3-4C40-B557-DDF95A51EA11}"
EndProject
Project("{FAE04EC0-301F-11D3-BF4B-00C04F79EFBC}") = "UsefulTools", "UsefulTools\UsefulTools.csproj", "{DF1DF2D0-400A-46BC-BA79-362C17773F9E}"
EndProject
Project("{FAE04EC0-301F-11D3-BF4B-00C04F79EFBC}") = "UsefulTools.Tests", "UsefulTools.Tests\UsefulTools.Tests.csproj", "{158B549A-A6FA-4792-8751-A753498F580F}"
EndProject
Global
	GlobalSection(SolutionConfigurationPlatforms) = preSolution
		Debug|Any CPU = Debug|Any CPU
		Release|Any CPU = Release|Any CPU
	EndGlobalSection
	GlobalSection(ProjectConfigurationPlatforms) = postSolution
		{C8476952-76C3-4C40-B557-DDF95A51EA11}.Debug|Any CPU.ActiveCfg = Debug|Any CPU
		{C8476952-76C3-4C40-B557-DDF95A51EA11}.Debug|Any CPU.Build.0 = Debug|Any CPU
		{C8476952-76C3-4C40-B557-DDF95A51EA11}.Release|Any CPU.ActiveCfg = Release|Any CPU
		{C8476952-76C3-4C40-B557-DDF95A51EA11}.Release|Any CPU.Build.0 = Release|Any CPU
		{DF1DF2D0-400A-46BC-BA79-362C17773F9E}.Debug|Any CPU.ActiveCfg = Debug|Any CPU
		{DF1DF2D0-400A-46BC-BA79-362C17773F9E}.Debug|Any CPU.Build.0 = Debug|Any CPU
		{DF1DF2D0-400A-46BC-BA79-362C17773F9E}.Release|Any CPU.ActiveCfg = Release|Any CPU
		{DF1DF2D0-400A-46BC-BA79-362C17773F9E}.Release|Any CPU.Build.0 = Release|Any CPU
		{158B549A-A6FA-4792-8751-A753498F580F}.Debug|Any CPU.ActiveCfg = Debug|Any CPU
		{158B549A-A6FA-4792-8751-A753498F580F}.Debug|Any CPU.Build.0 = Debug|Any CPU
		{158B549A-A6FA-4792-8751-A753498F580F}.Release|Any CPU.ActiveCfg = Release|Any CPU
		{158B549A-A6FA-4792-8751-A753498F580F}.Release|Any CPU.Build.0 = Release|Any CPU
	EndGlobalSection
	GlobalSection(SolutionProperties) = preSolution
		HideSolutionNode = FALSE
	EndGlobalSection
	GlobalSection(ExtensibilityGlobals) = postSolution
		SolutionGuid = {A6FF92F5-E554-4D6D-8E8E-3EC43D1CA610}
	EndGlobalSection
EndGlobal
